Microsoft Visual Studio Solution File, Format Version 12.00
# Visual Studio Version 17
VisualStudioVersion = 17.0.31903.59
MinimumVisualStudioVersion = 10.0.40219.1
Project("{2150E333-8FDC-42A3-9474-1A3956D46DE8}") = "src", "src", "{1B2C3D4E-5F6A-7B8C-9D0E-1F2A3B4C5D6E}"
EndProject
Project("{FAE04EC0-301F-11D3-BF4B-00C04F79EFBC}") = "HurricaneElectricDnsPlugin", "src\HurricaneElectricDnsPlugin\HurricaneElectricDnsPlugin.csproj", "{8A1F3C2E-4B7D-4E91-A6C5-9D2E8F1B0A47}"
EndProject
Project("{FAE04EC0-301F-11D3-BF4B-00C04F79EFBC}") = "CloudflareDnsPlugin", "src\CloudflareDnsPlugin\CloudflareDnsPlugin.csproj", "{7C3A1E9B-4F2D-4B86-A1C0-9E5D27B8F014}"
EndProject
Project("{FAE04EC0-301F-11D3-BF4B-00C04F79EFBC}") = "DuckDnsDnsPlugin", "src\DuckDnsDnsPlugin\DuckDnsDnsPlugin.csproj", "{1F8B6D42-9C70-4E31-B5A9-2D47C0E18A63}"
EndProject
Project("{FAE04EC0-301F-11D3-BF4B-00C04F79EFBC}") = "PorkbunDnsPlugin", "src\PorkbunDnsPlugin\PorkbunDnsPlugin.csproj", "{A94E0C17-6B53-4D28-8F1E-C3D705A92B46}"
EndProject
Project("{FAE04EC0-301F-11D3-BF4B-00C04F79EFBC}") = "DigitalOceanDnsPlugin", "src\DigitalOceanDnsPlugin\DigitalOceanDnsPlugin.csproj", "{5D2F8A91-C4E6-4B17-9A30-7E18D6F4C259}"
EndProject
Project("{FAE04EC0-301F-11D3-BF4B-00C04F79EFBC}") = "HetznerDnsPlugin", "src\HetznerDnsPlugin\HetznerDnsPlugin.csproj", "{E6B1C048-3A79-4F52-8D14-B90C5E27A368}"
EndProject
Project("{FAE04EC0-301F-11D3-BF4B-00C04F79EFBC}") = "GoDaddyDnsPlugin", "src\GoDaddyDnsPlugin\GoDaddyDnsPlugin.csproj", "{2A7D9F15-8E40-4C63-B1A8-5F36D0C49E72}"
EndProject
Project("{FAE04EC0-301F-11D3-BF4B-00C04F79EFBC}") = "NamecheapDnsPlugin", "src\NamecheapDnsPlugin\NamecheapDnsPlugin.csproj", "{9C4E1B86-0D25-4A97-8F3C-6B18E5A27D40}"
EndProject
Project("{FAE04EC0-301F-11D3-BF4B-00C04F79EFBC}") = "DesecDnsPlugin", "src\DesecDnsPlugin\DesecDnsPlugin.csproj", "{3F8A2C51-7B64-4E09-9D12-C47E0A5B8361}"
EndProject
Project("{FAE04EC0-301F-11D3-BF4B-00C04F79EFBC}") = "DynuDnsPlugin", "src\DynuDnsPlugin\DynuDnsPlugin.csproj", "{4B8E2A17-6C91-4D3F-A5E0-1F27C8B4D690}"
EndProject
Project("{FAE04EC0-301F-11D3-BF4B-00C04F79EFBC}") = "GandiDnsPlugin", "src\GandiDnsPlugin\GandiDnsPlugin.csproj", "{6D1A9C48-2E75-4B80-9F13-8A36D4E0C257}"
EndProject
Project("{FAE04EC0-301F-11D3-BF4B-00C04F79EFBC}") = "LinodeDnsPlugin", "src\LinodeDnsPlugin\LinodeDnsPlugin.csproj", "{8F3C5B12-7A40-4D96-B2E1-5C19A6D8F034}"
EndProject
Project("{FAE04EC0-301F-11D3-BF4B-00C04F79EFBC}") = "VultrDnsPlugin", "src\VultrDnsPlugin\VultrDnsPlugin.csproj", "{1A6E4D93-8C25-4F71-A9B0-3D47E2F5C168}"
EndProject
Project("{FAE04EC0-301F-11D3-BF4B-00C04F79EFBC}") = "DnsimpleDnsPlugin", "src\DnsimpleDnsPlugin\DnsimpleDnsPlugin.csproj", "{B7C2E049-5D18-4A63-8F90-2E14C6A9B375}"
EndProject
Project("{FAE04EC0-301F-11D3-BF4B-00C04F79EFBC}") = "LuaDnsDnsPlugin", "src\LuaDnsDnsPlugin\LuaDnsDnsPlugin.csproj", "{C1D4F860-9E27-4B15-A3C8-7D50E1A2F946}"
EndProject
Project("{FAE04EC0-301F-11D3-BF4B-00C04F79EFBC}") = "BunnyDnsPlugin", "src\BunnyDnsPlugin\BunnyDnsPlugin.csproj", "{D2E5A971-0F38-4C26-B4D9-8E61F2B3A057}"
EndProject
Project("{FAE04EC0-301F-11D3-BF4B-00C04F79EFBC}") = "CloudnsDnsPlugin", "src\CloudnsDnsPlugin\CloudnsDnsPlugin.csproj", "{E3F6B082-1A49-4D37-C5E0-9F72A3C4B168}"
EndProject
Project("{FAE04EC0-301F-11D3-BF4B-00C04F79EFBC}") = "OvhDnsPlugin", "src\OvhDnsPlugin\OvhDnsPlugin.csproj", "{0F4A8C31-6B27-4D95-9E18-2C7D4A1B5E60}"
EndProject
Project("{FAE04EC0-301F-11D3-BF4B-00C04F79EFBC}") = "NameComDnsPlugin", "src\NameComDnsPlugin\NameComDnsPlugin.csproj", "{1A5B9D42-7C38-4E06-AF29-3D8E5B2C6F71}"
EndProject
Project("{FAE04EC0-301F-11D3-BF4B-00C04F79EFBC}") = "DnsMadeEasyDnsPlugin", "src\DnsMadeEasyDnsPlugin\DnsMadeEasyDnsPlugin.csproj", "{2B6C0E53-8D49-4F17-B03A-4E9F6C3D7082}"
EndProject
Project("{FAE04EC0-301F-11D3-BF4B-00C04F79EFBC}") = "ScalewayDnsPlugin", "src\ScalewayDnsPlugin\ScalewayDnsPlugin.csproj", "{3C7D1F64-9E50-4028-C14B-5FA07D4E8193}"
EndProject
Project("{FAE04EC0-301F-11D3-BF4B-00C04F79EFBC}") = "IonosDnsPlugin", "src\IonosDnsPlugin\IonosDnsPlugin.csproj", "{4D8E2075-AF61-4139-D25C-60B18E5F92A4}"
EndProject
Project("{FAE04EC0-301F-11D3-BF4B-00C04F79EFBC}") = "InfomaniakDnsPlugin", "src\InfomaniakDnsPlugin\InfomaniakDnsPlugin.csproj", "{5E9F3186-B072-424A-936D-71C29F6A03B5}"
EndProject
Project("{FAE04EC0-301F-11D3-BF4B-00C04F79EFBC}") = "Ns1DnsPlugin", "src\Ns1DnsPlugin\Ns1DnsPlugin.csproj", "{6F0A4297-C183-435B-A47E-82D3A07B14C6}"
EndProject
Project("{FAE04EC0-301F-11D3-BF4B-00C04F79EFBC}") = "DreamHostDnsPlugin", "src\DreamHostDnsPlugin\DreamHostDnsPlugin.csproj", "{7A1B53A8-D294-446C-858F-93E4B18C25D7}"
EndProject
Project("{FAE04EC0-301F-11D3-BF4B-00C04F79EFBC}") = "EasyDnsDnsPlugin", "src\EasyDnsDnsPlugin\EasyDnsDnsPlugin.csproj", "{8B2C64B9-E3A5-457D-969A-A4F5C29D36E8}"
EndProject
Project("{FAE04EC0-301F-11D3-BF4B-00C04F79EFBC}") = "MythicBeastsDnsPlugin", "src\MythicBeastsDnsPlugin\MythicBeastsDnsPlugin.csproj", "{9C3D75CA-F4B6-468E-A7AB-B506D3AE47F9}"
EndProject
Project("{2150E333-8FDC-42A3-9474-1A3956D46DE8}") = "tests", "tests", "{A0F1E2D3-C4B5-4A69-8E7D-6C5B4A392817}"
EndProject
Project("{FAE04EC0-301F-11D3-BF4B-00C04F79EFBC}") = "ACMECertManager.DnsPlugins.Tests", "tests\ACMECertManager.DnsPlugins.Tests\ACMECertManager.DnsPlugins.Tests.csproj", "{B1A2C3D4-E5F6-4789-ABCD-112233445566}"
EndProject
Global
	GlobalSection(SolutionConfigurationPlatforms) = preSolution
		Debug|Any CPU = Debug|Any CPU
		Release|Any CPU = Release|Any CPU
	EndGlobalSection
	GlobalSection(ProjectConfigurationPlatforms) = postSolution
		{8A1F3C2E-4B7D-4E91-A6C5-9D2E8F1B0A47}.Debug|Any CPU.ActiveCfg = Debug|Any CPU
		{8A1F3C2E-4B7D-4E91-A6C5-9D2E8F1B0A47}.Debug|Any CPU.Build.0 = Debug|Any CPU
		{8A1F3C2E-4B7D-4E91-A6C5-9D2E8F1B0A47}.Release|Any CPU.ActiveCfg = Release|Any CPU
		{8A1F3C2E-4B7D-4E91-A6C5-9D2E8F1B0A47}.Release|Any CPU.Build.0 = Release|Any CPU
		{7C3A1E9B-4F2D-4B86-A1C0-9E5D27B8F014}.Debug|Any CPU.ActiveCfg = Debug|Any CPU
		{7C3A1E9B-4F2D-4B86-A1C0-9E5D27B8F014}.Debug|Any CPU.Build.0 = Debug|Any CPU
		{7C3A1E9B-4F2D-4B86-A1C0-9E5D27B8F014}.Release|Any CPU.ActiveCfg = Release|Any CPU
		{7C3A1E9B-4F2D-4B86-A1C0-9E5D27B8F014}.Release|Any CPU.Build.0 = Release|Any CPU
		{1F8B6D42-9C70-4E31-B5A9-2D47C0E18A63}.Debug|Any CPU.ActiveCfg = Debug|Any CPU
		{1F8B6D42-9C70-4E31-B5A9-2D47C0E18A63}.Debug|Any CPU.Build.0 = Debug|Any CPU
		{1F8B6D42-9C70-4E31-B5A9-2D47C0E18A63}.Release|Any CPU.ActiveCfg = Release|Any CPU
		{1F8B6D42-9C70-4E31-B5A9-2D47C0E18A63}.Release|Any CPU.Build.0 = Release|Any CPU
		{A94E0C17-6B53-4D28-8F1E-C3D705A92B46}.Debug|Any CPU.ActiveCfg = Debug|Any CPU
		{A94E0C17-6B53-4D28-8F1E-C3D705A92B46}.Debug|Any CPU.Build.0 = Debug|Any CPU
		{A94E0C17-6B53-4D28-8F1E-C3D705A92B46}.Release|Any CPU.ActiveCfg = Release|Any CPU
		{A94E0C17-6B53-4D28-8F1E-C3D705A92B46}.Release|Any CPU.Build.0 = Release|Any CPU
		{5D2F8A91-C4E6-4B17-9A30-7E18D6F4C259}.Debug|Any CPU.ActiveCfg = Debug|Any CPU
		{5D2F8A91-C4E6-4B17-9A30-7E18D6F4C259}.Debug|Any CPU.Build.0 = Debug|Any CPU
		{5D2F8A91-C4E6-4B17-9A30-7E18D6F4C259}.Release|Any CPU.ActiveCfg = Release|Any CPU
		{5D2F8A91-C4E6-4B17-9A30-7E18D6F4C259}.Release|Any CPU.Build.0 = Release|Any CPU
		{E6B1C048-3A79-4F52-8D14-B90C5E27A368}.Debug|Any CPU.ActiveCfg = Debug|Any CPU
		{E6B1C048-3A79-4F52-8D14-B90C5E27A368}.Debug|Any CPU.Build.0 = Debug|Any CPU
		{E6B1C048-3A79-4F52-8D14-B90C5E27A368}.Release|Any CPU.ActiveCfg = Release|Any CPU
		{E6B1C048-3A79-4F52-8D14-B90C5E27A368}.Release|Any CPU.Build.0 = Release|Any CPU
		{2A7D9F15-8E40-4C63-B1A8-5F36D0C49E72}.Debug|Any CPU.ActiveCfg = Debug|Any CPU
		{2A7D9F15-8E40-4C63-B1A8-5F36D0C49E72}.Debug|Any CPU.Build.0 = Debug|Any CPU
		{2A7D9F15-8E40-4C63-B1A8-5F36D0C49E72}.Release|Any CPU.ActiveCfg = Release|Any CPU
		{2A7D9F15-8E40-4C63-B1A8-5F36D0C49E72}.Release|Any CPU.Build.0 = Release|Any CPU
		{9C4E1B86-0D25-4A97-8F3C-6B18E5A27D40}.Debug|Any CPU.ActiveCfg = Debug|Any CPU
		{9C4E1B86-0D25-4A97-8F3C-6B18E5A27D40}.Debug|Any CPU.Build.0 = Debug|Any CPU
		{9C4E1B86-0D25-4A97-8F3C-6B18E5A27D40}.Release|Any CPU.ActiveCfg = Release|Any CPU
		{9C4E1B86-0D25-4A97-8F3C-6B18E5A27D40}.Release|Any CPU.Build.0 = Release|Any CPU
		{3F8A2C51-7B64-4E09-9D12-C47E0A5B8361}.Debug|Any CPU.ActiveCfg = Debug|Any CPU
		{3F8A2C51-7B64-4E09-9D12-C47E0A5B8361}.Debug|Any CPU.Build.0 = Debug|Any CPU
		{3F8A2C51-7B64-4E09-9D12-C47E0A5B8361}.Release|Any CPU.ActiveCfg = Release|Any CPU
		{3F8A2C51-7B64-4E09-9D12-C47E0A5B8361}.Release|Any CPU.Build.0 = Release|Any CPU
		{4B8E2A17-6C91-4D3F-A5E0-1F27C8B4D690}.Debug|Any CPU.ActiveCfg = Debug|Any CPU
		{4B8E2A17-6C91-4D3F-A5E0-1F27C8B4D690}.Debug|Any CPU.Build.0 = Debug|Any CPU
		{4B8E2A17-6C91-4D3F-A5E0-1F27C8B4D690}.Release|Any CPU.ActiveCfg = Release|Any CPU
		{4B8E2A17-6C91-4D3F-A5E0-1F27C8B4D690}.Release|Any CPU.Build.0 = Release|Any CPU
		{6D1A9C48-2E75-4B80-9F13-8A36D4E0C257}.Debug|Any CPU.ActiveCfg = Debug|Any CPU
		{6D1A9C48-2E75-4B80-9F13-8A36D4E0C257}.Debug|Any CPU.Build.0 = Debug|Any CPU
		{6D1A9C48-2E75-4B80-9F13-8A36D4E0C257}.Release|Any CPU.ActiveCfg = Release|Any CPU
		{6D1A9C48-2E75-4B80-9F13-8A36D4E0C257}.Release|Any CPU.Build.0 = Release|Any CPU
		{8F3C5B12-7A40-4D96-B2E1-5C19A6D8F034}.Debug|Any CPU.ActiveCfg = Debug|Any CPU
		{8F3C5B12-7A40-4D96-B2E1-5C19A6D8F034}.Debug|Any CPU.Build.0 = Debug|Any CPU
		{8F3C5B12-7A40-4D96-B2E1-5C19A6D8F034}.Release|Any CPU.ActiveCfg = Release|Any CPU
		{8F3C5B12-7A40-4D96-B2E1-5C19A6D8F034}.Release|Any CPU.Build.0 = Release|Any CPU
		{1A6E4D93-8C25-4F71-A9B0-3D47E2F5C168}.Debug|Any CPU.ActiveCfg = Debug|Any CPU
		{1A6E4D93-8C25-4F71-A9B0-3D47E2F5C168}.Debug|Any CPU.Build.0 = Debug|Any CPU
		{1A6E4D93-8C25-4F71-A9B0-3D47E2F5C168}.Release|Any CPU.ActiveCfg = Release|Any CPU
		{1A6E4D93-8C25-4F71-A9B0-3D47E2F5C168}.Release|Any CPU.Build.0 = Release|Any CPU
		{B7C2E049-5D18-4A63-8F90-2E14C6A9B375}.Debug|Any CPU.ActiveCfg = Debug|Any CPU
		{B7C2E049-5D18-4A63-8F90-2E14C6A9B375}.Debug|Any CPU.Build.0 = Debug|Any CPU
		{B7C2E049-5D18-4A63-8F90-2E14C6A9B375}.Release|Any CPU.ActiveCfg = Release|Any CPU
		{B7C2E049-5D18-4A63-8F90-2E14C6A9B375}.Release|Any CPU.Build.0 = Release|Any CPU
		{C1D4F860-9E27-4B15-A3C8-7D50E1A2F946}.Debug|Any CPU.ActiveCfg = Debug|Any CPU
		{C1D4F860-9E27-4B15-A3C8-7D50E1A2F946}.Debug|Any CPU.Build.0 = Debug|Any CPU
		{C1D4F860-9E27-4B15-A3C8-7D50E1A2F946}.Release|Any CPU.ActiveCfg = Release|Any CPU
		{C1D4F860-9E27-4B15-A3C8-7D50E1A2F946}.Release|Any CPU.Build.0 = Release|Any CPU
		{D2E5A971-0F38-4C26-B4D9-8E61F2B3A057}.Debug|Any CPU.ActiveCfg = Debug|Any CPU
		{D2E5A971-0F38-4C26-B4D9-8E61F2B3A057}.Debug|Any CPU.Build.0 = Debug|Any CPU
		{D2E5A971-0F38-4C26-B4D9-8E61F2B3A057}.Release|Any CPU.ActiveCfg = Release|Any CPU
		{D2E5A971-0F38-4C26-B4D9-8E61F2B3A057}.Release|Any CPU.Build.0 = Release|Any CPU
		{E3F6B082-1A49-4D37-C5E0-9F72A3C4B168}.Debug|Any CPU.ActiveCfg = Debug|Any CPU
		{E3F6B082-1A49-4D37-C5E0-9F72A3C4B168}.Debug|Any CPU.Build.0 = Debug|Any CPU
		{E3F6B082-1A49-4D37-C5E0-9F72A3C4B168}.Release|Any CPU.ActiveCfg = Release|Any CPU
		{E3F6B082-1A49-4D37-C5E0-9F72A3C4B168}.Release|Any CPU.Build.0 = Release|Any CPU
		{0F4A8C31-6B27-4D95-9E18-2C7D4A1B5E60}.Debug|Any CPU.ActiveCfg = Debug|Any CPU
		{0F4A8C31-6B27-4D95-9E18-2C7D4A1B5E60}.Debug|Any CPU.Build.0 = Debug|Any CPU
		{0F4A8C31-6B27-4D95-9E18-2C7D4A1B5E60}.Release|Any CPU.ActiveCfg = Release|Any CPU
		{0F4A8C31-6B27-4D95-9E18-2C7D4A1B5E60}.Release|Any CPU.Build.0 = Release|Any CPU
		{1A5B9D42-7C38-4E06-AF29-3D8E5B2C6F71}.Debug|Any CPU.ActiveCfg = Debug|Any CPU
		{1A5B9D42-7C38-4E06-AF29-3D8E5B2C6F71}.Debug|Any CPU.Build.0 = Debug|Any CPU
		{1A5B9D42-7C38-4E06-AF29-3D8E5B2C6F71}.Release|Any CPU.ActiveCfg = Release|Any CPU
		{1A5B9D42-7C38-4E06-AF29-3D8E5B2C6F71}.Release|Any CPU.Build.0 = Release|Any CPU
		{2B6C0E53-8D49-4F17-B03A-4E9F6C3D7082}.Debug|Any CPU.ActiveCfg = Debug|Any CPU
		{2B6C0E53-8D49-4F17-B03A-4E9F6C3D7082}.Debug|Any CPU.Build.0 = Debug|Any CPU
		{2B6C0E53-8D49-4F17-B03A-4E9F6C3D7082}.Release|Any CPU.ActiveCfg = Release|Any CPU
		{2B6C0E53-8D49-4F17-B03A-4E9F6C3D7082}.Release|Any CPU.Build.0 = Release|Any CPU
		{3C7D1F64-9E50-4028-C14B-5FA07D4E8193}.Debug|Any CPU.ActiveCfg = Debug|Any CPU
		{3C7D1F64-9E50-4028-C14B-5FA07D4E8193}.Debug|Any CPU.Build.0 = Debug|Any CPU
		{3C7D1F64-9E50-4028-C14B-5FA07D4E8193}.Release|Any CPU.ActiveCfg = Release|Any CPU
		{3C7D1F64-9E50-4028-C14B-5FA07D4E8193}.Release|Any CPU.Build.0 = Release|Any CPU
		{4D8E2075-AF61-4139-D25C-60B18E5F92A4}.Debug|Any CPU.ActiveCfg = Debug|Any CPU
		{4D8E2075-AF61-4139-D25C-60B18E5F92A4}.Debug|Any CPU.Build.0 = Debug|Any CPU
		{4D8E2075-AF61-4139-D25C-60B18E5F92A4}.Release|Any CPU.ActiveCfg = Release|Any CPU
		{4D8E2075-AF61-4139-D25C-60B18E5F92A4}.Release|Any CPU.Build.0 = Release|Any CPU
		{5E9F3186-B072-424A-936D-71C29F6A03B5}.Debug|Any CPU.ActiveCfg = Debug|Any CPU
		{5E9F3186-B072-424A-936D-71C29F6A03B5}.Debug|Any CPU.Build.0 = Debug|Any CPU
		{5E9F3186-B072-424A-936D-71C29F6A03B5}.Release|Any CPU.ActiveCfg = Release|Any CPU
		{5E9F3186-B072-424A-936D-71C29F6A03B5}.Release|Any CPU.Build.0 = Release|Any CPU
		{6F0A4297-C183-435B-A47E-82D3A07B14C6}.Debug|Any CPU.ActiveCfg = Debug|Any CPU
		{6F0A4297-C183-435B-A47E-82D3A07B14C6}.Debug|Any CPU.Build.0 = Debug|Any CPU
		{6F0A4297-C183-435B-A47E-82D3A07B14C6}.Release|Any CPU.ActiveCfg = Release|Any CPU
		{6F0A4297-C183-435B-A47E-82D3A07B14C6}.Release|Any CPU.Build.0 = Release|Any CPU
		{7A1B53A8-D294-446C-858F-93E4B18C25D7}.Debug|Any CPU.ActiveCfg = Debug|Any CPU
		{7A1B53A8-D294-446C-858F-93E4B18C25D7}.Debug|Any CPU.Build.0 = Debug|Any CPU
		{7A1B53A8-D294-446C-858F-93E4B18C25D7}.Release|Any CPU.ActiveCfg = Release|Any CPU
		{7A1B53A8-D294-446C-858F-93E4B18C25D7}.Release|Any CPU.Build.0 = Release|Any CPU
		{8B2C64B9-E3A5-457D-969A-A4F5C29D36E8}.Debug|Any CPU.ActiveCfg = Debug|Any CPU
		{8B2C64B9-E3A5-457D-969A-A4F5C29D36E8}.Debug|Any CPU.Build.0 = Debug|Any CPU
		{8B2C64B9-E3A5-457D-969A-A4F5C29D36E8}.Release|Any CPU.ActiveCfg = Release|Any CPU
		{8B2C64B9-E3A5-457D-969A-A4F5C29D36E8}.Release|Any CPU.Build.0 = Release|Any CPU
		{9C3D75CA-F4B6-468E-A7AB-B506D3AE47F9}.Debug|Any CPU.ActiveCfg = Debug|Any CPU
		{9C3D75CA-F4B6-468E-A7AB-B506D3AE47F9}.Debug|Any CPU.Build.0 = Debug|Any CPU
		{9C3D75CA-F4B6-468E-A7AB-B506D3AE47F9}.Release|Any CPU.ActiveCfg = Release|Any CPU
		{9C3D75CA-F4B6-468E-A7AB-B506D3AE47F9}.Release|Any CPU.Build.0 = Release|Any CPU
		{B1A2C3D4-E5F6-4789-ABCD-112233445566}.Debug|Any CPU.ActiveCfg = Debug|Any CPU
		{B1A2C3D4-E5F6-4789-ABCD-112233445566}.Debug|Any CPU.Build.0 = Debug|Any CPU
		{B1A2C3D4-E5F6-4789-ABCD-112233445566}.Release|Any CPU.ActiveCfg = Release|Any CPU
		{B1A2C3D4-E5F6-4789-ABCD-112233445566}.Release|Any CPU.Build.0 = Release|Any CPU
	EndGlobalSection
	GlobalSection(SolutionProperties) = preSolution
		HideSolutionNode = FALSE
	EndGlobalSection
	GlobalSection(NestedProjects) = preSolution
		{8A1F3C2E-4B7D-4E91-A6C5-9D2E8F1B0A47} = {1B2C3D4E-5F6A-7B8C-9D0E-1F2A3B4C5D6E}
		{7C3A1E9B-4F2D-4B86-A1C0-9E5D27B8F014} = {1B2C3D4E-5F6A-7B8C-9D0E-1F2A3B4C5D6E}
		{1F8B6D42-9C70-4E31-B5A9-2D47C0E18A63} = {1B2C3D4E-5F6A-7B8C-9D0E-1F2A3B4C5D6E}
		{A94E0C17-6B53-4D28-8F1E-C3D705A92B46} = {1B2C3D4E-5F6A-7B8C-9D0E-1F2A3B4C5D6E}
		{5D2F8A91-C4E6-4B17-9A30-7E18D6F4C259} = {1B2C3D4E-5F6A-7B8C-9D0E-1F2A3B4C5D6E}
		{E6B1C048-3A79-4F52-8D14-B90C5E27A368} = {1B2C3D4E-5F6A-7B8C-9D0E-1F2A3B4C5D6E}
		{2A7D9F15-8E40-4C63-B1A8-5F36D0C49E72} = {1B2C3D4E-5F6A-7B8C-9D0E-1F2A3B4C5D6E}
		{9C4E1B86-0D25-4A97-8F3C-6B18E5A27D40} = {1B2C3D4E-5F6A-7B8C-9D0E-1F2A3B4C5D6E}
		{3F8A2C51-7B64-4E09-9D12-C47E0A5B8361} = {1B2C3D4E-5F6A-7B8C-9D0E-1F2A3B4C5D6E}
		{4B8E2A17-6C91-4D3F-A5E0-1F27C8B4D690} = {1B2C3D4E-5F6A-7B8C-9D0E-1F2A3B4C5D6E}
		{6D1A9C48-2E75-4B80-9F13-8A36D4E0C257} = {1B2C3D4E-5F6A-7B8C-9D0E-1F2A3B4C5D6E}
		{8F3C5B12-7A40-4D96-B2E1-5C19A6D8F034} = {1B2C3D4E-5F6A-7B8C-9D0E-1F2A3B4C5D6E}
		{1A6E4D93-8C25-4F71-A9B0-3D47E2F5C168} = {1B2C3D4E-5F6A-7B8C-9D0E-1F2A3B4C5D6E}
		{B7C2E049-5D18-4A63-8F90-2E14C6A9B375} = {1B2C3D4E-5F6A-7B8C-9D0E-1F2A3B4C5D6E}
		{C1D4F860-9E27-4B15-A3C8-7D50E1A2F946} = {1B2C3D4E-5F6A-7B8C-9D0E-1F2A3B4C5D6E}
		{D2E5A971-0F38-4C26-B4D9-8E61F2B3A057} = {1B2C3D4E-5F6A-7B8C-9D0E-1F2A3B4C5D6E}
		{E3F6B082-1A49-4D37-C5E0-9F72A3C4B168} = {1B2C3D4E-5F6A-7B8C-9D0E-1F2A3B4C5D6E}
		{0F4A8C31-6B27-4D95-9E18-2C7D4A1B5E60} = {1B2C3D4E-5F6A-7B8C-9D0E-1F2A3B4C5D6E}
		{1A5B9D42-7C38-4E06-AF29-3D8E5B2C6F71} = {1B2C3D4E-5F6A-7B8C-9D0E-1F2A3B4C5D6E}
		{2B6C0E53-8D49-4F17-B03A-4E9F6C3D7082} = {1B2C3D4E-5F6A-7B8C-9D0E-1F2A3B4C5D6E}
		{3C7D1F64-9E50-4028-C14B-5FA07D4E8193} = {1B2C3D4E-5F6A-7B8C-9D0E-1F2A3B4C5D6E}
		{4D8E2075-AF61-4139-D25C-60B18E5F92A4} = {1B2C3D4E-5F6A-7B8C-9D0E-1F2A3B4C5D6E}
		{5E9F3186-B072-424A-936D-71C29F6A03B5} = {1B2C3D4E-5F6A-7B8C-9D0E-1F2A3B4C5D6E}
		{6F0A4297-C183-435B-A47E-82D3A07B14C6} = {1B2C3D4E-5F6A-7B8C-9D0E-1F2A3B4C5D6E}
		{7A1B53A8-D294-446C-858F-93E4B18C25D7} = {1B2C3D4E-5F6A-7B8C-9D0E-1F2A3B4C5D6E}
		{8B2C64B9-E3A5-457D-969A-A4F5C29D36E8} = {1B2C3D4E-5F6A-7B8C-9D0E-1F2A3B4C5D6E}
		{9C3D75CA-F4B6-468E-A7AB-B506D3AE47F9} = {1B2C3D4E-5F6A-7B8C-9D0E-1F2A3B4C5D6E}
		{B1A2C3D4-E5F6-4789-ABCD-112233445566} = {A0F1E2D3-C4B5-4A69-8E7D-6C5B4A392817}
	EndGlobalSection
	GlobalSection(ExtensibilityGlobals) = postSolution
		SolutionGuid = {C4D8E2F1-9A3B-4C6D-8E1F-2A5B7C9D0E3F}
	EndGlobalSection
EndGlobal
