Microsoft Visual Studio Solution File, Format Version 12.00
# Visual Studio Version 17
VisualStudioVersion = 17.0.31903.59
MinimumVisualStudioVersion = 10.0.40219.1
Project("{2150E333-8FDC-42A3-9474-1A3956D46DE8}") = "src", "src", "{1B2C3D4E-5F6A-7B8C-9D0E-1F2A3B4C5D6E}"
EndProject
Project("{FAE04EC0-301F-11D3-BF4B-00C04F79EFBC}") = "HurricaneElectricDnsPlugin", "src\HurricaneElectricDnsPlugin\HurricaneElectricDnsPlugin.csproj", "{8A1F3C2E-4B7D-4E91-A6C5-9D2E8F1B0A47}"
EndProject
Project("{FAE04EC0-301F-11D3-BF4B-00C04F79EFBC}") = "CloudflareDnsPlugin", "src\CloudflareDnsPlugin\CloudflareDnsPlugin.csproj", "{7C3A1E9B-4F2D-4B86-A1C0-9E5D27B8F014}"
EndProject
Project("{FAE04EC0-301F-11D3-BF4B-00C04F79EFBC}") = "DuckDnsDnsPlugin", "src\DuckDnsDnsPlugin\DuckDnsDnsPlugin.csproj", "{1F8B6D42-9C70-4E31-B5A9-2D47C0E18A63}"
EndProject
Project("{FAE04EC0-301F-11D3-BF4B-00C04F79EFBC}") = "PorkbunDnsPlugin", "src\PorkbunDnsPlugin\PorkbunDnsPlugin.csproj", "{A94E0C17-6B53-4D28-8F1E-C3D705A92B46}"
EndProject
Project("{FAE04EC0-301F-11D3-BF4B-00C04F79EFBC}") = "DigitalOceanDnsPlugin", "src\DigitalOceanDnsPlugin\DigitalOceanDnsPlugin.csproj", "{5D2F8A91-C4E6-4B17-9A30-7E18D6F4C259}"
EndProject
Project("{FAE04EC0-301F-11D3-BF4B-00C04F79EFBC}") = "HetznerDnsPlugin", "src\HetznerDnsPlugin\HetznerDnsPlugin.csproj", "{E6B1C048-3A79-4F52-8D14-B90C5E27A368}"
EndProject
Project("{FAE04EC0-301F-11D3-BF4B-00C04F79EFBC}") = "GoDaddyDnsPlugin", "src\GoDaddyDnsPlugin\GoDaddyDnsPlugin.csproj", "{2A7D9F15-8E40-4C63-B1A8-5F36D0C49E72}"
EndProject
Project("{FAE04EC0-301F-11D3-BF4B-00C04F79EFBC}") = "NamecheapDnsPlugin", "src\NamecheapDnsPlugin\NamecheapDnsPlugin.csproj", "{9C4E1B86-0D25-4A97-8F3C-6B18E5A27D40}"
EndProject
Project("{FAE04EC0-301F-11D3-BF4B-00C04F79EFBC}") = "DesecDnsPlugin", "src\DesecDnsPlugin\DesecDnsPlugin.csproj", "{3F8A2C51-7B64-4E09-9D12-C47E0A5B8361}"
EndProject
Global
	GlobalSection(SolutionConfigurationPlatforms) = preSolution
		Debug|Any CPU = Debug|Any CPU
		Release|Any CPU = Release|Any CPU
	EndGlobalSection
	GlobalSection(ProjectConfigurationPlatforms) = postSolution
		{8A1F3C2E-4B7D-4E91-A6C5-9D2E8F1B0A47}.Debug|Any CPU.ActiveCfg = Debug|Any CPU
		{8A1F3C2E-4B7D-4E91-A6C5-9D2E8F1B0A47}.Debug|Any CPU.Build.0 = Debug|Any CPU
		{8A1F3C2E-4B7D-4E91-A6C5-9D2E8F1B0A47}.Release|Any CPU.ActiveCfg = Release|Any CPU
		{8A1F3C2E-4B7D-4E91-A6C5-9D2E8F1B0A47}.Release|Any CPU.Build.0 = Release|Any CPU
		{7C3A1E9B-4F2D-4B86-A1C0-9E5D27B8F014}.Debug|Any CPU.ActiveCfg = Debug|Any CPU
		{7C3A1E9B-4F2D-4B86-A1C0-9E5D27B8F014}.Debug|Any CPU.Build.0 = Debug|Any CPU
		{7C3A1E9B-4F2D-4B86-A1C0-9E5D27B8F014}.Release|Any CPU.ActiveCfg = Release|Any CPU
		{7C3A1E9B-4F2D-4B86-A1C0-9E5D27B8F014}.Release|Any CPU.Build.0 = Release|Any CPU
		{1F8B6D42-9C70-4E31-B5A9-2D47C0E18A63}.Debug|Any CPU.ActiveCfg = Debug|Any CPU
		{1F8B6D42-9C70-4E31-B5A9-2D47C0E18A63}.Debug|Any CPU.Build.0 = Debug|Any CPU
		{1F8B6D42-9C70-4E31-B5A9-2D47C0E18A63}.Release|Any CPU.ActiveCfg = Release|Any CPU
		{1F8B6D42-9C70-4E31-B5A9-2D47C0E18A63}.Release|Any CPU.Build.0 = Release|Any CPU
		{A94E0C17-6B53-4D28-8F1E-C3D705A92B46}.Debug|Any CPU.ActiveCfg = Debug|Any CPU
		{A94E0C17-6B53-4D28-8F1E-C3D705A92B46}.Debug|Any CPU.Build.0 = Debug|Any CPU
		{A94E0C17-6B53-4D28-8F1E-C3D705A92B46}.Release|Any CPU.ActiveCfg = Release|Any CPU
		{A94E0C17-6B53-4D28-8F1E-C3D705A92B46}.Release|Any CPU.Build.0 = Release|Any CPU
		{5D2F8A91-C4E6-4B17-9A30-7E18D6F4C259}.Debug|Any CPU.ActiveCfg = Debug|Any CPU
		{5D2F8A91-C4E6-4B17-9A30-7E18D6F4C259}.Debug|Any CPU.Build.0 = Debug|Any CPU
		{5D2F8A91-C4E6-4B17-9A30-7E18D6F4C259}.Release|Any CPU.ActiveCfg = Release|Any CPU
		{5D2F8A91-C4E6-4B17-9A30-7E18D6F4C259}.Release|Any CPU.Build.0 = Release|Any CPU
		{E6B1C048-3A79-4F52-8D14-B90C5E27A368}.Debug|Any CPU.ActiveCfg = Debug|Any CPU
		{E6B1C048-3A79-4F52-8D14-B90C5E27A368}.Debug|Any CPU.Build.0 = Debug|Any CPU
		{E6B1C048-3A79-4F52-8D14-B90C5E27A368}.Release|Any CPU.ActiveCfg = Release|Any CPU
		{E6B1C048-3A79-4F52-8D14-B90C5E27A368}.Release|Any CPU.Build.0 = Release|Any CPU
		{2A7D9F15-8E40-4C63-B1A8-5F36D0C49E72}.Debug|Any CPU.ActiveCfg = Debug|Any CPU
		{2A7D9F15-8E40-4C63-B1A8-5F36D0C49E72}.Debug|Any CPU.Build.0 = Debug|Any CPU
		{2A7D9F15-8E40-4C63-B1A8-5F36D0C49E72}.Release|Any CPU.ActiveCfg = Release|Any CPU
		{2A7D9F15-8E40-4C63-B1A8-5F36D0C49E72}.Release|Any CPU.Build.0 = Release|Any CPU
		{9C4E1B86-0D25-4A97-8F3C-6B18E5A27D40}.Debug|Any CPU.ActiveCfg = Debug|Any CPU
		{9C4E1B86-0D25-4A97-8F3C-6B18E5A27D40}.Debug|Any CPU.Build.0 = Debug|Any CPU
		{9C4E1B86-0D25-4A97-8F3C-6B18E5A27D40}.Release|Any CPU.ActiveCfg = Release|Any CPU
		{9C4E1B86-0D25-4A97-8F3C-6B18E5A27D40}.Release|Any CPU.Build.0 = Release|Any CPU
		{3F8A2C51-7B64-4E09-9D12-C47E0A5B8361}.Debug|Any CPU.ActiveCfg = Debug|Any CPU
		{3F8A2C51-7B64-4E09-9D12-C47E0A5B8361}.Debug|Any CPU.Build.0 = Debug|Any CPU
		{3F8A2C51-7B64-4E09-9D12-C47E0A5B8361}.Release|Any CPU.ActiveCfg = Release|Any CPU
		{3F8A2C51-7B64-4E09-9D12-C47E0A5B8361}.Release|Any CPU.Build.0 = Release|Any CPU
	EndGlobalSection
	GlobalSection(SolutionProperties) = preSolution
		HideSolutionNode = FALSE
	EndGlobalSection
	GlobalSection(NestedProjects) = preSolution
		{8A1F3C2E-4B7D-4E91-A6C5-9D2E8F1B0A47} = {1B2C3D4E-5F6A-7B8C-9D0E-1F2A3B4C5D6E}
		{7C3A1E9B-4F2D-4B86-A1C0-9E5D27B8F014} = {1B2C3D4E-5F6A-7B8C-9D0E-1F2A3B4C5D6E}
		{1F8B6D42-9C70-4E31-B5A9-2D47C0E18A63} = {1B2C3D4E-5F6A-7B8C-9D0E-1F2A3B4C5D6E}
		{A94E0C17-6B53-4D28-8F1E-C3D705A92B46} = {1B2C3D4E-5F6A-7B8C-9D0E-1F2A3B4C5D6E}
		{5D2F8A91-C4E6-4B17-9A30-7E18D6F4C259} = {1B2C3D4E-5F6A-7B8C-9D0E-1F2A3B4C5D6E}
		{E6B1C048-3A79-4F52-8D14-B90C5E27A368} = {1B2C3D4E-5F6A-7B8C-9D0E-1F2A3B4C5D6E}
		{2A7D9F15-8E40-4C63-B1A8-5F36D0C49E72} = {1B2C3D4E-5F6A-7B8C-9D0E-1F2A3B4C5D6E}
		{9C4E1B86-0D25-4A97-8F3C-6B18E5A27D40} = {1B2C3D4E-5F6A-7B8C-9D0E-1F2A3B4C5D6E}
		{3F8A2C51-7B64-4E09-9D12-C47E0A5B8361} = {1B2C3D4E-5F6A-7B8C-9D0E-1F2A3B4C5D6E}
	EndGlobalSection
	GlobalSection(ExtensibilityGlobals) = postSolution
		SolutionGuid = {C4D8E2F1-9A3B-4C6D-8E1F-2A5B7C9D0E3F}
	EndGlobalSection
EndGlobal
